// !$*UTF8*$!
{
	archiveVersion = 1;
	classes = {
	};
	objectVersion = 51;
	objects = {

/* Begin PBXBuildFile section */
		6CF85B0E035EAB0F314E38C5 /* Pods_Parstagram_ParstagramUITests.framework in Frameworks */ = {isa = PBXBuildFile; fileRef = A8B212F8024D061CD58FA078 /* Pods_Parstagram_ParstagramUITests.framework */; };
		9C42F22C2648CDEF00BAF5B2 /* LoginViewController.swift in Sources */ = {isa = PBXBuildFile; fileRef = 9C42F22B2648CDEF00BAF5B2 /* LoginViewController.swift */; };
		9C42F22E2648CE0300BAF5B2 /* FeedViewController.swift in Sources */ = {isa = PBXBuildFile; fileRef = 9C42F22D2648CE0300BAF5B2 /* FeedViewController.swift */; };
		9C42F2302648D40D00BAF5B2 /* CameraViewController.swift in Sources */ = {isa = PBXBuildFile; fileRef = 9C42F22F2648D40D00BAF5B2 /* CameraViewController.swift */; };
		9C42F2322648DCFD00BAF5B2 /* PostCell.swift in Sources */ = {isa = PBXBuildFile; fileRef = 9C42F2312648DCFD00BAF5B2 /* PostCell.swift */; };
		9CB37C4F26505D8800A83927 /* CommentCell.swift in Sources */ = {isa = PBXBuildFile; fileRef = 9CB37C4E26505D8800A83927 /* CommentCell.swift */; };
		9CBB7ECB2648CA8200876074 /* AppDelegate.swift in Sources */ = {isa = PBXBuildFile; fileRef = 9CBB7ECA2648CA8200876074 /* AppDelegate.swift */; };
		9CBB7ECD2648CA8200876074 /* SceneDelegate.swift in Sources */ = {isa = PBXBuildFile; fileRef = 9CBB7ECC2648CA8200876074 /* SceneDelegate.swift */; };
		9CBB7ED22648CA8200876074 /* Main.storyboard in Resources */ = {isa = PBXBuildFile; fileRef = 9CBB7ED02648CA8200876074 /* Main.storyboard */; };
		9CBB7ED42648CA8700876074 /* Assets.xcassets in Resources */ = {isa = PBXBuildFile; fileRef = 9CBB7ED32648CA8700876074 /* Assets.xcassets */; };
		9CBB7ED72648CA8700876074 /* LaunchScreen.storyboard in Resources */ = {isa = PBXBuildFile; fileRef = 9CBB7ED52648CA8700876074 /* LaunchScreen.storyboard */; };
		9CBB7EE22648CA8700876074 /* ParstagramTests.swift in Sources */ = {isa = PBXBuildFile; fileRef = 9CBB7EE12648CA8700876074 /* ParstagramTests.swift */; };
		9CBB7EED2648CA8700876074 /* ParstagramUITests.swift in Sources */ = {isa = PBXBuildFile; fileRef = 9CBB7EEC2648CA8700876074 /* ParstagramUITests.swift */; };
		AC5220C25A8DE62F5F93DE85 /* Pods_ParstagramTests.framework in Frameworks */ = {isa = PBXBuildFile; fileRef = FF797C2AC7273345A04F54EE /* Pods_ParstagramTests.framework */; };
		AD582254E08B4256781B4138 /* Pods_Parstagram.framework in Frameworks */ = {isa = PBXBuildFile; fileRef = 5EB0821A86542CE4C76DE5F1 /* Pods_Parstagram.framework */; };
/* End PBXBuildFile section */

/* Begin PBXContainerItemProxy section */
		9CBB7EDE2648CA8700876074 /* PBXContainerItemProxy */ = {
			isa = PBXContainerItemProxy;
			containerPortal = 9CBB7EBF2648CA8200876074 /* Project object */;
			proxyType = 1;
			remoteGlobalIDString = 9CBB7EC62648CA8200876074;
			remoteInfo = Parstagram;
		};
		9CBB7EE92648CA8700876074 /* PBXContainerItemProxy */ = {
			isa = PBXContainerItemProxy;
			containerPortal = 9CBB7EBF2648CA8200876074 /* Project object */;
			proxyType = 1;
			remoteGlobalIDString = 9CBB7EC62648CA8200876074;
			remoteInfo = Parstagram;
		};
/* End PBXContainerItemProxy section */

/* Begin PBXFileReference section */
		59FCFDEE7B5AAAE40C91AB5E /* Pods-Parstagram-ParstagramUITests.debug.xcconfig */ = {isa = PBXFileReference; includeInIndex = 1; lastKnownFileType = text.xcconfig; name = "Pods-Parstagram-ParstagramUITests.debug.xcconfig"; path = "Target Support Files/Pods-Parstagram-ParstagramUITests/Pods-Parstagram-ParstagramUITests.debug.xcconfig"; sourceTree = "<group>"; };
		5EB0821A86542CE4C76DE5F1 /* Pods_Parstagram.framework */ = {isa = PBXFileReference; explicitFileType = wrapper.framework; includeInIndex = 0; path = Pods_Parstagram.framework; sourceTree = BUILT_PRODUCTS_DIR; };
		68C908660F1D4F7EDABC4436 /* Pods-Parstagram-ParstagramUITests.release.xcconfig */ = {isa = PBXFileReference; includeInIndex = 1; lastKnownFileType = text.xcconfig; name = "Pods-Parstagram-ParstagramUITests.release.xcconfig"; path = "Target Support Files/Pods-Parstagram-ParstagramUITests/Pods-Parstagram-ParstagramUITests.release.xcconfig"; sourceTree = "<group>"; };
		8496915F215280FCD2BCD897 /* Pods-ParstagramTests.debug.xcconfig */ = {isa = PBXFileReference; includeInIndex = 1; lastKnownFileType = text.xcconfig; name = "Pods-ParstagramTests.debug.xcconfig"; path = "Target Support Files/Pods-ParstagramTests/Pods-ParstagramTests.debug.xcconfig"; sourceTree = "<group>"; };
		9C42F22B2648CDEF00BAF5B2 /* LoginViewController.swift */ = {isa = PBXFileReference; lastKnownFileType = sourcecode.swift; path = LoginViewController.swift; sourceTree = "<group>"; };
		9C42F22D2648CE0300BAF5B2 /* FeedViewController.swift */ = {isa = PBXFileReference; lastKnownFileType = sourcecode.swift; path = FeedViewController.swift; sourceTree = "<group>"; };
		9C42F22F2648D40D00BAF5B2 /* CameraViewController.swift */ = {isa = PBXFileReference; lastKnownFileType = sourcecode.swift; path = CameraViewController.swift; sourceTree = "<group>"; };
		9C42F2312648DCFD00BAF5B2 /* PostCell.swift */ = {isa = PBXFileReference; lastKnownFileType = sourcecode.swift; path = PostCell.swift; sourceTree = "<group>"; };
		9CB37C4E26505D8800A83927 /* CommentCell.swift */ = {isa = PBXFileReference; lastKnownFileType = sourcecode.swift; path = CommentCell.swift; sourceTree = "<group>"; };
		9CBB7EC72648CA8200876074 /* Parstagram.app */ = {isa = PBXFileReference; explicitFileType = wrapper.application; includeInIndex = 0; path = Parstagram.app; sourceTree = BUILT_PRODUCTS_DIR; };
		9CBB7ECA2648CA8200876074 /* AppDelegate.swift */ = {isa = PBXFileReference; lastKnownFileType = sourcecode.swift; path = AppDelegate.swift; sourceTree = "<group>"; };
		9CBB7ECC2648CA8200876074 /* SceneDelegate.swift */ = {isa = PBXFileReference; lastKnownFileType = sourcecode.swift; path = SceneDelegate.swift; sourceTree = "<group>"; };
		9CBB7ED12648CA8200876074 /* Base */ = {isa = PBXFileReference; lastKnownFileType = file.storyboard; name = Base; path = Base.lproj/Main.storyboard; sourceTree = "<group>"; };
		9CBB7ED32648CA8700876074 /* Assets.xcassets */ = {isa = PBXFileReference; lastKnownFileType = folder.assetcatalog; path = Assets.xcassets; sourceTree = "<group>"; };
		9CBB7ED62648CA8700876074 /* Base */ = {isa = PBXFileReference; lastKnownFileType = file.storyboard; name = Base; path = Base.lproj/LaunchScreen.storyboard; sourceTree = "<group>"; };
		9CBB7ED82648CA8700876074 /* Info.plist */ = {isa = PBXFileReference; lastKnownFileType = text.plist.xml; path = Info.plist; sourceTree = "<group>"; };
		9CBB7EDD2648CA8700876074 /* ParstagramTests.xctest */ = {isa = PBXFileReference; explicitFileType = wrapper.cfbundle; includeInIndex = 0; path = ParstagramTests.xctest; sourceTree = BUILT_PRODUCTS_DIR; };
		9CBB7EE12648CA8700876074 /* ParstagramTests.swift */ = {isa = PBXFileReference; lastKnownFileType = sourcecode.swift; path = ParstagramTests.swift; sourceTree = "<group>"; };
		9CBB7EE32648CA8700876074 /* Info.plist */ = {isa = PBXFileReference; lastKnownFileType = text.plist.xml; path = Info.plist; sourceTree = "<group>"; };
		9CBB7EE82648CA8700876074 /* ParstagramUITests.xctest */ = {isa = PBXFileReference; explicitFileType = wrapper.cfbundle; includeInIndex = 0; path = ParstagramUITests.xctest; sourceTree = BUILT_PRODUCTS_DIR; };
		9CBB7EEC2648CA8700876074 /* ParstagramUITests.swift */ = {isa = PBXFileReference; lastKnownFileType = sourcecode.swift; path = ParstagramUITests.swift; sourceTree = "<group>"; };
		9CBB7EEE2648CA8700876074 /* Info.plist */ = {isa = PBXFileReference; lastKnownFileType = text.plist.xml; path = Info.plist; sourceTree = "<group>"; };
		A8B212F8024D061CD58FA078 /* Pods_Parstagram_ParstagramUITests.framework */ = {isa = PBXFileReference; explicitFileType = wrapper.framework; includeInIndex = 0; path = Pods_Parstagram_ParstagramUITests.framework; sourceTree = BUILT_PRODUCTS_DIR; };
		CEFFBD68C146AE625490C3B3 /* Pods-ParstagramTests.release.xcconfig */ = {isa = PBXFileReference; includeInIndex = 1; lastKnownFileType = text.xcconfig; name = "Pods-ParstagramTests.release.xcconfig"; path = "Target Support Files/Pods-ParstagramTests/Pods-ParstagramTests.release.xcconfig"; sourceTree = "<group>"; };
		DB2C6BED219B7A4E787553EA /* Pods-Parstagram.release.xcconfig */ = {isa = PBXFileReference; includeInIndex = 1; lastKnownFileType = text.xcconfig; name = "Pods-Parstagram.release.xcconfig"; path = "Target Support Files/Pods-Parstagram/Pods-Parstagram.release.xcconfig"; sourceTree = "<group>"; };
		EAFC4265286C2274392510F6 /* Pods-Parstagram.debug.xcconfig */ = {isa = PBXFileReference; includeInIndex = 1; lastKnownFileType = text.xcconfig; name = "Pods-Parstagram.debug.xcconfig"; path = "Target Support Files/Pods-Parstagram/Pods-Parstagram.debug.xcconfig"; sourceTree = "<group>"; };
		FF797C2AC7273345A04F54EE /* Pods_ParstagramTests.framework */ = {isa = PBXFileReference; explicitFileType = wrapper.framework; includeInIndex = 0; path = Pods_ParstagramTests.framework; sourceTree = BUILT_PRODUCTS_DIR; };
/* End PBXFileReference section */

/* Begin PBXFrameworksBuildPhase section */
		9CBB7EC42648CA8200876074 /* Frameworks */ = {
			isa = PBXFrameworksBuildPhase;
			buildActionMask = 2147483647;
			files = (
				AD582254E08B4256781B4138 /* Pods_Parstagram.framework in Frameworks */,
			);
			runOnlyForDeploymentPostprocessing = 0;
		};
		9CBB7EDA2648CA8700876074 /* Frameworks */ = {
			isa = PBXFrameworksBuildPhase;
			buildActionMask = 2147483647;
			files = (
				AC5220C25A8DE62F5F93DE85 /* Pods_ParstagramTests.framework in Frameworks */,
			);
			runOnlyForDeploymentPostprocessing = 0;
		};
		9CBB7EE52648CA8700876074 /* Frameworks */ = {
			isa = PBXFrameworksBuildPhase;
			buildActionMask = 2147483647;
			files = (
				6CF85B0E035EAB0F314E38C5 /* Pods_Parstagram_ParstagramUITests.framework in Frameworks */,
			);
			runOnlyForDeploymentPostprocessing = 0;
		};
/* End PBXFrameworksBuildPhase section */

/* Begin PBXGroup section */
		647AF3DE6AB9C5617450C9E0 /* Pods */ = {
			isa = PBXGroup;
			children = (
				EAFC4265286C2274392510F6 /* Pods-Parstagram.debug.xcconfig */,
				DB2C6BED219B7A4E787553EA /* Pods-Parstagram.release.xcconfig */,
				59FCFDEE7B5AAAE40C91AB5E /* Pods-Parstagram-ParstagramUITests.debug.xcconfig */,
				68C908660F1D4F7EDABC4436 /* Pods-Parstagram-ParstagramUITests.release.xcconfig */,
				8496915F215280FCD2BCD897 /* Pods-ParstagramTests.debug.xcconfig */,
				CEFFBD68C146AE625490C3B3 /* Pods-ParstagramTests.release.xcconfig */,
			);
			path = Pods;
			sourceTree = "<group>";
		};
		8F12B7E1978F511D05DC4097 /* Frameworks */ = {
			isa = PBXGroup;
			children = (
				5EB0821A86542CE4C76DE5F1 /* Pods_Parstagram.framework */,
				A8B212F8024D061CD58FA078 /* Pods_Parstagram_ParstagramUITests.framework */,
				FF797C2AC7273345A04F54EE /* Pods_ParstagramTests.framework */,
			);
			name = Frameworks;
			sourceTree = "<group>";
		};
		9CBB7EBE2648CA8200876074 = {
			isa = PBXGroup;
			children = (
				9CBB7EC92648CA8200876074 /* Parstagram */,
				9CBB7EE02648CA8700876074 /* ParstagramTests */,
				9CBB7EEB2648CA8700876074 /* ParstagramUITests */,
				9CBB7EC82648CA8200876074 /* Products */,
				647AF3DE6AB9C5617450C9E0 /* Pods */,
				8F12B7E1978F511D05DC4097 /* Frameworks */,
			);
			sourceTree = "<group>";
		};
		9CBB7EC82648CA8200876074 /* Products */ = {
			isa = PBXGroup;
			children = (
				9CBB7EC72648CA8200876074 /* Parstagram.app */,
				9CBB7EDD2648CA8700876074 /* ParstagramTests.xctest */,
				9CBB7EE82648CA8700876074 /* ParstagramUITests.xctest */,
			);
			name = Products;
			sourceTree = "<group>";
		};
		9CBB7EC92648CA8200876074 /* Parstagram */ = {
			isa = PBXGroup;
			children = (
				9CBB7ECA2648CA8200876074 /* AppDelegate.swift */,
				9CBB7ECC2648CA8200876074 /* SceneDelegate.swift */,
				9CBB7ED02648CA8200876074 /* Main.storyboard */,
				9C42F22D2648CE0300BAF5B2 /* FeedViewController.swift */,
				9C42F22B2648CDEF00BAF5B2 /* LoginViewController.swift */,
				9CBB7ED32648CA8700876074 /* Assets.xcassets */,
				9CBB7ED52648CA8700876074 /* LaunchScreen.storyboard */,
				9CBB7ED82648CA8700876074 /* Info.plist */,
				9C42F22F2648D40D00BAF5B2 /* CameraViewController.swift */,
				9C42F2312648DCFD00BAF5B2 /* PostCell.swift */,
				9CB37C4E26505D8800A83927 /* CommentCell.swift */,
			);
			path = Parstagram;
			sourceTree = "<group>";
		};
		9CBB7EE02648CA8700876074 /* ParstagramTests */ = {
			isa = PBXGroup;
			children = (
				9CBB7EE12648CA8700876074 /* ParstagramTests.swift */,
				9CBB7EE32648CA8700876074 /* Info.plist */,
			);
			path = ParstagramTests;
			sourceTree = "<group>";
		};
		9CBB7EEB2648CA8700876074 /* ParstagramUITests */ = {
			isa = PBXGroup;
			children = (
				9CBB7EEC2648CA8700876074 /* ParstagramUITests.swift */,
				9CBB7EEE2648CA8700876074 /* Info.plist */,
			);
			path = ParstagramUITests;
			sourceTree = "<group>";
		};
/* End PBXGroup section */

/* Begin PBXNativeTarget section */
		9CBB7EC62648CA8200876074 /* Parstagram */ = {
			isa = PBXNativeTarget;
			buildConfigurationList = 9CBB7EF12648CA8700876074 /* Build configuration list for PBXNativeTarget "Parstagram" */;
			buildPhases = (
				ECF6D48B5B523FBBEBADC114 /* [CP] Check Pods Manifest.lock */,
				9CBB7EC32648CA8200876074 /* Sources */,
				9CBB7EC42648CA8200876074 /* Frameworks */,
				9CBB7EC52648CA8200876074 /* Resources */,
				F3ACEEBD6D492196CD84E1C8 /* [CP] Embed Pods Frameworks */,
			);
			buildRules = (
			);
			dependencies = (
			);
			name = Parstagram;
			productName = Parstagram;
			productReference = 9CBB7EC72648CA8200876074 /* Parstagram.app */;
			productType = "com.apple.product-type.application";
		};
		9CBB7EDC2648CA8700876074 /* ParstagramTests */ = {
			isa = PBXNativeTarget;
			buildConfigurationList = 9CBB7EF42648CA8700876074 /* Build configuration list for PBXNativeTarget "ParstagramTests" */;
			buildPhases = (
				E37B7BF834E41A9CD73AD2CC /* [CP] Check Pods Manifest.lock */,
				9CBB7ED92648CA8700876074 /* Sources */,
				9CBB7EDA2648CA8700876074 /* Frameworks */,
				9CBB7EDB2648CA8700876074 /* Resources */,
			);
			buildRules = (
			);
			dependencies = (
				9CBB7EDF2648CA8700876074 /* PBXTargetDependency */,
			);
			name = ParstagramTests;
			productName = ParstagramTests;
			productReference = 9CBB7EDD2648CA8700876074 /* ParstagramTests.xctest */;
			productType = "com.apple.product-type.bundle.unit-test";
		};
		9CBB7EE72648CA8700876074 /* ParstagramUITests */ = {
			isa = PBXNativeTarget;
			buildConfigurationList = 9CBB7EF72648CA8700876074 /* Build configuration list for PBXNativeTarget "ParstagramUITests" */;
			buildPhases = (
				BBCAE56735507022FF8EC23F /* [CP] Check Pods Manifest.lock */,
				9CBB7EE42648CA8700876074 /* Sources */,
				9CBB7EE52648CA8700876074 /* Frameworks */,
				9CBB7EE62648CA8700876074 /* Resources */,
				3D5D96D8A72A1A6530306FA5 /* [CP] Embed Pods Frameworks */,
			);
			buildRules = (
			);
			dependencies = (
				9CBB7EEA2648CA8700876074 /* PBXTargetDependency */,
			);
			name = ParstagramUITests;
			productName = ParstagramUITests;
			productReference = 9CBB7EE82648CA8700876074 /* ParstagramUITests.xctest */;
			productType = "com.apple.product-type.bundle.ui-testing";
		};
/* End PBXNativeTarget section */

/* Begin PBXProject section */
		9CBB7EBF2648CA8200876074 /* Project object */ = {
			isa = PBXProject;
			attributes = {
				LastSwiftUpdateCheck = 1250;
				LastUpgradeCheck = 1250;
				TargetAttributes = {
					9CBB7EC62648CA8200876074 = {
						CreatedOnToolsVersion = 12.5;
					};
					9CBB7EDC2648CA8700876074 = {
						CreatedOnToolsVersion = 12.5;
						TestTargetID = 9CBB7EC62648CA8200876074;
					};
					9CBB7EE72648CA8700876074 = {
						CreatedOnToolsVersion = 12.5;
						TestTargetID = 9CBB7EC62648CA8200876074;
					};
				};
			};
			buildConfigurationList = 9CBB7EC22648CA8200876074 /* Build configuration list for PBXProject "Parstagram" */;
			compatibilityVersion = "Xcode 9.3";
			developmentRegion = en;
			hasScannedForEncodings = 0;
			knownRegions = (
				en,
				Base,
			);
			mainGroup = 9CBB7EBE2648CA8200876074;
			productRefGroup = 9CBB7EC82648CA8200876074 /* Products */;
			projectDirPath = "";
			projectRoot = "";
			targets = (
				9CBB7EC62648CA8200876074 /* Parstagram */,
				9CBB7EDC2648CA8700876074 /* ParstagramTests */,
				9CBB7EE72648CA8700876074 /* ParstagramUITests */,
			);
		};
/* End PBXProject section */

/* Begin PBXResourcesBuildPhase section */
		9CBB7EC52648CA8200876074 /* Resources */ = {
			isa = PBXResourcesBuildPhase;
			buildActionMask = 2147483647;
			files = (
				9CBB7ED72648CA8700876074 /* LaunchScreen.storyboard in Resources */,
				9CBB7ED42648CA8700876074 /* Assets.xcassets in Resources */,
				9CBB7ED22648CA8200876074 /* Main.storyboard in Resources */,
			);
			runOnlyForDeploymentPostprocessing = 0;
		};
		9CBB7EDB2648CA8700876074 /* Resources */ = {
			isa = PBXResourcesBuildPhase;
			buildActionMask = 2147483647;
			files = (
			);
			runOnlyForDeploymentPostprocessing = 0;
		};
		9CBB7EE62648CA8700876074 /* Resources */ = {
			isa = PBXResourcesBuildPhase;
			buildActionMask = 2147483647;
			files = (
			);
			runOnlyForDeploymentPostprocessing = 0;
		};
/* End PBXResourcesBuildPhase section */

/* Begin PBXShellScriptBuildPhase section */
		3D5D96D8A72A1A6530306FA5 /* [CP] Embed Pods Frameworks */ = {
			isa = PBXShellScriptBuildPhase;
			buildActionMask = 2147483647;
			files = (
			);
			inputFileListPaths = (
				"${PODS_ROOT}/Target Support Files/Pods-Parstagram-ParstagramUITests/Pods-Parstagram-ParstagramUITests-frameworks-${CONFIGURATION}-input-files.xcfilelist",
			);
			name = "[CP] Embed Pods Frameworks";
			outputFileListPaths = (
				"${PODS_ROOT}/Target Support Files/Pods-Parstagram-ParstagramUITests/Pods-Parstagram-ParstagramUITests-frameworks-${CONFIGURATION}-output-files.xcfilelist",
			);
			runOnlyForDeploymentPostprocessing = 0;
			shellPath = /bin/sh;
			shellScript = "\"${PODS_ROOT}/Target Support Files/Pods-Parstagram-ParstagramUITests/Pods-Parstagram-ParstagramUITests-frameworks.sh\"\n";
			showEnvVarsInLog = 0;
		};
		BBCAE56735507022FF8EC23F /* [CP] Check Pods Manifest.lock */ = {
			isa = PBXShellScriptBuildPhase;
			buildActionMask = 2147483647;
			files = (
			);
			inputFileListPaths = (
			);
			inputPaths = (
				"${PODS_PODFILE_DIR_PATH}/Podfile.lock",
				"${PODS_ROOT}/Manifest.lock",
			);
			name = "[CP] Check Pods Manifest.lock";
			outputFileListPaths = (
			);
			outputPaths = (
				"$(DERIVED_FILE_DIR)/Pods-Parstagram-ParstagramUITests-checkManifestLockResult.txt",
			);
			runOnlyForDeploymentPostprocessing = 0;
			shellPath = /bin/sh;
			shellScript = "diff \"${PODS_PODFILE_DIR_PATH}/Podfile.lock\" \"${PODS_ROOT}/Manifest.lock\" > /dev/null\nif [ $? != 0 ] ; then\n    # print error to STDERR\n    echo \"error: The sandbox is not in sync with the Podfile.lock. Run 'pod install' or update your CocoaPods installation.\" >&2\n    exit 1\nfi\n# This output is used by Xcode 'outputs' to avoid re-running this script phase.\necho \"SUCCESS\" > \"${SCRIPT_OUTPUT_FILE_0}\"\n";
			showEnvVarsInLog = 0;
		};
		E37B7BF834E41A9CD73AD2CC /* [CP] Check Pods Manifest.lock */ = {
			isa = PBXShellScriptBuildPhase;
			buildActionMask = 2147483647;
			files = (
			);
			inputFileListPaths = (
			);
			inputPaths = (
				"${PODS_PODFILE_DIR_PATH}/Podfile.lock",
				"${PODS_ROOT}/Manifest.lock",
			);
			name = "[CP] Check Pods Manifest.lock";
			outputFileListPaths = (
			);
			outputPaths = (
				"$(DERIVED_FILE_DIR)/Pods-ParstagramTests-checkManifestLockResult.txt",
			);
			runOnlyForDeploymentPostprocessing = 0;
			shellPath = /bin/sh;
			shellScript = "diff \"${PODS_PODFILE_DIR_PATH}/Podfile.lock\" \"${PODS_ROOT}/Manifest.lock\" > /dev/null\nif [ $? != 0 ] ; then\n    # print error to STDERR\n    echo \"error: The sandbox is not in sync with the Podfile.lock. Run 'pod install' or update your CocoaPods installation.\" >&2\n    exit 1\nfi\n# This output is used by Xcode 'outputs' to avoid re-running this script phase.\necho \"SUCCESS\" > \"${SCRIPT_OUTPUT_FILE_0}\"\n";
			showEnvVarsInLog = 0;
		};
		ECF6D48B5B523FBBEBADC114 /* [CP] Check Pods Manifest.lock */ = {
			isa = PBXShellScriptBuildPhase;
			buildActionMask = 2147483647;
			files = (
			);
			inputFileListPaths = (
			);
			inputPaths = (
				"${PODS_PODFILE_DIR_PATH}/Podfile.lock",
				"${PODS_ROOT}/Manifest.lock",
			);
			name = "[CP] Check Pods Manifest.lock";
			outputFileListPaths = (
			);
			outputPaths = (
				"$(DERIVED_FILE_DIR)/Pods-Parstagram-checkManifestLockResult.txt",
			);
			runOnlyForDeploymentPostprocessing = 0;
			shellPath = /bin/sh;
			shellScript = "diff \"${PODS_PODFILE_DIR_PATH}/Podfile.lock\" \"${PODS_ROOT}/Manifest.lock\" > /dev/null\nif [ $? != 0 ] ; then\n    # print error to STDERR\n    echo \"error: The sandbox is not in sync with the Podfile.lock. Run 'pod install' or update your CocoaPods installation.\" >&2\n    exit 1\nfi\n# This output is used by Xcode 'outputs' to avoid re-running this script phase.\necho \"SUCCESS\" > \"${SCRIPT_OUTPUT_FILE_0}\"\n";
			showEnvVarsInLog = 0;
		};
		F3ACEEBD6D492196CD84E1C8 /* [CP] Embed Pods Frameworks */ = {
			isa = PBXShellScriptBuildPhase;
			buildActionMask = 2147483647;
			files = (
			);
			inputFileListPaths = (
				"${PODS_ROOT}/Target Support Files/Pods-Parstagram/Pods-Parstagram-frameworks-${CONFIGURATION}-input-files.xcfilelist",
			);
			name = "[CP] Embed Pods Frameworks";
			outputFileListPaths = (
				"${PODS_ROOT}/Target Support Files/Pods-Parstagram/Pods-Parstagram-frameworks-${CONFIGURATION}-output-files.xcfilelist",
			);
			runOnlyForDeploymentPostprocessing = 0;
			shellPath = /bin/sh;
			shellScript = "\"${PODS_ROOT}/Target Support Files/Pods-Parstagram/Pods-Parstagram-frameworks.sh\"\n";
			showEnvVarsInLog = 0;
		};
/* End PBXShellScriptBuildPhase section */

/* Begin PBXSourcesBuildPhase section */
		9CBB7EC32648CA8200876074 /* Sources */ = {
			isa = PBXSourcesBuildPhase;
			buildActionMask = 2147483647;
			files = (
				9C42F22C2648CDEF00BAF5B2 /* LoginViewController.swift in Sources */,
				9C42F2302648D40D00BAF5B2 /* CameraViewController.swift in Sources */,
				9CBB7ECB2648CA8200876074 /* AppDelegate.swift in Sources */,
				9C42F22E2648CE0300BAF5B2 /* FeedViewController.swift in Sources */,
				9CBB7ECD2648CA8200876074 /* SceneDelegate.swift in Sources */,
				9C42F2322648DCFD00BAF5B2 /* PostCell.swift in Sources */,
				9CB37C4F26505D8800A83927 /* CommentCell.swift in Sources */,
			);
			runOnlyForDeploymentPostprocessing = 0;
		};
		9CBB7ED92648CA8700876074 /* Sources */ = {
			isa = PBXSourcesBuildPhase;
			buildActionMask = 2147483647;
			files = (
				9CBB7EE22648CA8700876074 /* ParstagramTests.swift in Sources */,
			);
			runOnlyForDeploymentPostprocessing = 0;
		};
		9CBB7EE42648CA8700876074 /* Sources */ = {
			isa = PBXSourcesBuildPhase;
			buildActionMask = 2147483647;
			files = (
				9CBB7EED2648CA8700876074 /* ParstagramUITests.swift in Sources */,
			);
			runOnlyForDeploymentPostprocessing = 0;
		};
/* End PBXSourcesBuildPhase section */

/* Begin PBXTargetDependency section */
		9CBB7EDF2648CA8700876074 /* PBXTargetDependency */ = {
			isa = PBXTargetDependency;
			target = 9CBB7EC62648CA8200876074 /* Parstagram */;
			targetProxy = 9CBB7EDE2648CA8700876074 /* PBXContainerItemProxy */;
		};
		9CBB7EEA2648CA8700876074 /* PBXTargetDependency */ = {
			isa = PBXTargetDependency;
			target = 9CBB7EC62648CA8200876074 /* Parstagram */;
			targetProxy = 9CBB7EE92648CA8700876074 /* PBXContainerItemProxy */;
		};
/* End PBXTargetDependency section */

/* Begin PBXVariantGroup section */
		9CBB7ED02648CA8200876074 /* Main.storyboard */ = {
			isa = PBXVariantGroup;
			children = (
				9CBB7ED12648CA8200876074 /* Base */,
			);
			name = Main.storyboard;
			sourceTree = "<group>";
		};
		9CBB7ED52648CA8700876074 /* LaunchScreen.storyboard */ = {
			isa = PBXVariantGroup;
			children = (
				9CBB7ED62648CA8700876074 /* Base */,
			);
			name = LaunchScreen.storyboard;
			sourceTree = "<group>";
		};
/* End PBXVariantGroup section */

/* Begin XCBuildConfiguration section */
		9CBB7EEF2648CA8700876074 /* Debug */ = {
			isa = XCBuildConfiguration;
			buildSettings = {
				ALWAYS_SEARCH_USER_PATHS = NO;
				CLANG_ANALYZER_NONNULL = YES;
				CLANG_ANALYZER_NUMBER_OBJECT_CONVERSION = YES_AGGRESSIVE;
				CLANG_CXX_LANGUAGE_STANDARD = "gnu++14";
				CLANG_CXX_LIBRARY = "libc++";
				CLANG_ENABLE_MODULES = YES;
				CLANG_ENABLE_OBJC_ARC = YES;
				CLANG_ENABLE_OBJC_WEAK = YES;
				CLANG_WARN_BLOCK_CAPTURE_AUTORELEASING = YES;
				CLANG_WARN_BOOL_CONVERSION = YES;
				CLANG_WARN_COMMA = YES;
				CLANG_WARN_CONSTANT_CONVERSION = YES;
				CLANG_WARN_DEPRECATED_OBJC_IMPLEMENTATIONS = YES;
				CLANG_WARN_DIRECT_OBJC_ISA_USAGE = YES_ERROR;
				CLANG_WARN_DOCUMENTATION_COMMENTS = YES;
				CLANG_WARN_EMPTY_BODY = YES;
				CLANG_WARN_ENUM_CONVERSION = YES;
				CLANG_WARN_INFINITE_RECURSION = YES;
				CLANG_WARN_INT_CONVERSION = YES;
				CLANG_WARN_NON_LITERAL_NULL_CONVERSION = YES;
				CLANG_WARN_OBJC_IMPLICIT_RETAIN_SELF = YES;
				CLANG_WARN_OBJC_LITERAL_CONVERSION = YES;
				CLANG_WARN_OBJC_ROOT_CLASS = YES_ERROR;
				CLANG_WARN_QUOTED_INCLUDE_IN_FRAMEWORK_HEADER = YES;
				CLANG_WARN_RANGE_LOOP_ANALYSIS = YES;
				CLANG_WARN_STRICT_PROTOTYPES = YES;
				CLANG_WARN_SUSPICIOUS_MOVE = YES;
				CLANG_WARN_UNGUARDED_AVAILABILITY = YES_AGGRESSIVE;
				CLANG_WARN_UNREACHABLE_CODE = YES;
				CLANG_WARN__DUPLICATE_METHOD_MATCH = YES;
				COPY_PHASE_STRIP = NO;
				DEBUG_INFORMATION_FORMAT = dwarf;
				ENABLE_STRICT_OBJC_MSGSEND = YES;
				ENABLE_TESTABILITY = YES;
				GCC_C_LANGUAGE_STANDARD = gnu11;
				GCC_DYNAMIC_NO_PIC = NO;
				GCC_NO_COMMON_BLOCKS = YES;
				GCC_OPTIMIZATION_LEVEL = 0;
				GCC_PREPROCESSOR_DEFINITIONS = (
					"DEBUG=1",
					"$(inherited)",
				);
				GCC_WARN_64_TO_32_BIT_CONVERSION = YES;
				GCC_WARN_ABOUT_RETURN_TYPE = YES_ERROR;
				GCC_WARN_UNDECLARED_SELECTOR = YES;
				GCC_WARN_UNINITIALIZED_AUTOS = YES_AGGRESSIVE;
				GCC_WARN_UNUSED_FUNCTION = YES;
				GCC_WARN_UNUSED_VARIABLE = YES;
				IPHONEOS_DEPLOYMENT_TARGET = 14.5;
				MTL_ENABLE_DEBUG_INFO = INCLUDE_SOURCE;
				MTL_FAST_MATH = YES;
				ONLY_ACTIVE_ARCH = YES;
				SDKROOT = iphoneos;
				SWIFT_ACTIVE_COMPILATION_CONDITIONS = DEBUG;
				SWIFT_OPTIMIZATION_LEVEL = "-Onone";
			};
			name = Debug;
		};
		9CBB7EF02648CA8700876074 /* Release */ = {
			isa = XCBuildConfiguration;
			buildSettings = {
				ALWAYS_SEARCH_USER_PATHS = NO;
				CLANG_ANALYZER_NONNULL = YES;
				CLANG_ANALYZER_NUMBER_OBJECT_CONVERSION = YES_AGGRESSIVE;
				CLANG_CXX_LANGUAGE_STANDARD = "gnu++14";
				CLANG_CXX_LIBRARY = "libc++";
				CLANG_ENABLE_MODULES = YES;
				CLANG_ENABLE_OBJC_ARC = YES;
				CLANG_ENABLE_OBJC_WEAK = YES;
				CLANG_WARN_BLOCK_CAPTURE_AUTORELEASING = YES;
				CLANG_WARN_BOOL_CONVERSION = YES;
				CLANG_WARN_COMMA = YES;
				CLANG_WARN_CONSTANT_CONVERSION = YES;
				CLANG_WARN_DEPRECATED_OBJC_IMPLEMENTATIONS = YES;
				CLANG_WARN_DIRECT_OBJC_ISA_USAGE = YES_ERROR;
				CLANG_WARN_DOCUMENTATION_COMMENTS = YES;
				CLANG_WARN_EMPTY_BODY = YES;
				CLANG_WARN_ENUM_CONVERSION = YES;
				CLANG_WARN_INFINITE_RECURSION = YES;
				CLANG_WARN_INT_CONVERSION = YES;
				CLANG_WARN_NON_LITERAL_NULL_CONVERSION = YES;
				CLANG_WARN_OBJC_IMPLICIT_RETAIN_SELF = YES;
				CLANG_WARN_OBJC_LITERAL_CONVERSION = YES;
				CLANG_WARN_OBJC_ROOT_CLASS = YES_ERROR;
				CLANG_WARN_QUOTED_INCLUDE_IN_FRAMEWORK_HEADER = YES;
				CLANG_WARN_RANGE_LOOP_ANALYSIS = YES;
				CLANG_WARN_STRICT_PROTOTYPES = YES;
				CLANG_WARN_SUSPICIOUS_MOVE = YES;
				CLANG_WARN_UNGUARDED_AVAILABILITY = YES_AGGRESSIVE;
				CLANG_WARN_UNREACHABLE_CODE = YES;
				CLANG_WARN__DUPLICATE_METHOD_MATCH = YES;
				COPY_PHASE_STRIP = NO;
				DEBUG_INFORMATION_FORMAT = "dwarf-with-dsym";
				ENABLE_NS_ASSERTIONS = NO;
				ENABLE_STRICT_OBJC_MSGSEND = YES;
				GCC_C_LANGUAGE_STANDARD = gnu11;
				GCC_NO_COMMON_BLOCKS = YES;
				GCC_WARN_64_TO_32_BIT_CONVERSION = YES;
				GCC_WARN_ABOUT_RETURN_TYPE = YES_ERROR;
				GCC_WARN_UNDECLARED_SELECTOR = YES;
				GCC_WARN_UNINITIALIZED_AUTOS = YES_AGGRESSIVE;
				GCC_WARN_UNUSED_FUNCTION = YES;
				GCC_WARN_UNUSED_VARIABLE = YES;
				IPHONEOS_DEPLOYMENT_TARGET = 14.5;
				MTL_ENABLE_DEBUG_INFO = NO;
				MTL_FAST_MATH = YES;
				SDKROOT = iphoneos;
				SWIFT_COMPILATION_MODE = wholemodule;
				SWIFT_OPTIMIZATION_LEVEL = "-O";
				VALIDATE_PRODUCT = YES;
			};
			name = Release;
		};
		9CBB7EF22648CA8700876074 /* Debug */ = {
			isa = XCBuildConfiguration;
			baseConfigurationReference = EAFC4265286C2274392510F6 /* Pods-Parstagram.debug.xcconfig */;
			buildSettings = {
				ASSETCATALOG_COMPILER_APPICON_NAME = AppIcon;
				ASSETCATALOG_COMPILER_GLOBAL_ACCENT_COLOR_NAME = AccentColor;
				CODE_SIGN_STYLE = Automatic;
				INFOPLIST_FILE = Parstagram/Info.plist;
				LD_RUNPATH_SEARCH_PATHS = (
					"$(inherited)",
					"@executable_path/Frameworks",
				);
				PRODUCT_BUNDLE_IDENTIFIER = codepath.Parstagram;
				PRODUCT_NAME = "$(TARGET_NAME)";
				SWIFT_VERSION = 5.0;
				TARGETED_DEVICE_FAMILY = "1,2";
			};
			name = Debug;
		};
		9CBB7EF32648CA8700876074 /* Release */ = {
			isa = XCBuildConfiguration;
			baseConfigurationReference = DB2C6BED219B7A4E787553EA /* Pods-Parstagram.release.xcconfig */;
			buildSettings = {
				ASSETCATALOG_COMPILER_APPICON_NAME = AppIcon;
				ASSETCATALOG_COMPILER_GLOBAL_ACCENT_COLOR_NAME = AccentColor;
				CODE_SIGN_STYLE = Automatic;
				INFOPLIST_FILE = Parstagram/Info.plist;
				LD_RUNPATH_SEARCH_PATHS = (
					"$(inherited)",
					"@executable_path/Frameworks",
				);
				PRODUCT_BUNDLE_IDENTIFIER = codepath.Parstagram;
				PRODUCT_NAME = "$(TARGET_NAME)";
				SWIFT_VERSION = 5.0;
				TARGETED_DEVICE_FAMILY = "1,2";
			};
			name = Release;
		};
		9CBB7EF52648CA8700876074 /* Debug */ = {
			isa = XCBuildConfiguration;
			baseConfigurationReference = 8496915F215280FCD2BCD897 /* Pods-ParstagramTests.debug.xcconfig */;
			buildSettings = {
				ALWAYS_EMBED_SWIFT_STANDARD_LIBRARIES = YES;
				BUNDLE_LOADER = "$(TEST_HOST)";
				CODE_SIGN_STYLE = Automatic;
				INFOPLIST_FILE = ParstagramTests/Info.plist;
				IPHONEOS_DEPLOYMENT_TARGET = 14.5;
				LD_RUNPATH_SEARCH_PATHS = (
					"$(inherited)",
					"@executable_path/Frameworks",
					"@loader_path/Frameworks",
				);
				PRODUCT_BUNDLE_IDENTIFIER = codepath.ParstagramTests;
				PRODUCT_NAME = "$(TARGET_NAME)";
				SWIFT_VERSION = 5.0;
				TARGETED_DEVICE_FAMILY = "1,2";
				TEST_HOST = "$(BUILT_PRODUCTS_DIR)/Parstagram.app/Parstagram";
			};
			name = Debug;
		};
		9CBB7EF62648CA8700876074 /* Release */ = {
			isa = XCBuildConfiguration;
			baseConfigurationReference = CEFFBD68C146AE625490C3B3 /* Pods-ParstagramTests.release.xcconfig */;
			buildSettings = {
				ALWAYS_EMBED_SWIFT_STANDARD_LIBRARIES = YES;
				BUNDLE_LOADER = "$(TEST_HOST)";
				CODE_SIGN_STYLE = Automatic;
				INFOPLIST_FILE = ParstagramTests/Info.plist;
				IPHONEOS_DEPLOYMENT_TARGET = 14.5;
				LD_RUNPATH_SEARCH_PATHS = (
					"$(inherited)",
					"@executable_path/Frameworks",
					"@loader_path/Frameworks",
				);
				PRODUCT_BUNDLE_IDENTIFIER = codepath.ParstagramTests;
				PRODUCT_NAME = "$(TARGET_NAME)";
				SWIFT_VERSION = 5.0;
				TARGETED_DEVICE_FAMILY = "1,2";
				TEST_HOST = "$(BUILT_PRODUCTS_DIR)/Parstagram.app/Parstagram";
			};
			name = Release;
		};
		9CBB7EF82648CA8700876074 /* Debug */ = {
			isa = XCBuildConfiguration;
			baseConfigurationReference = 59FCFDEE7B5AAAE40C91AB5E /* Pods-Parstagram-ParstagramUITests.debug.xcconfig */;
			buildSettings = {
				ALWAYS_EMBED_SWIFT_STANDARD_LIBRARIES = YES;
				CODE_SIGN_STYLE = Automatic;
				INFOPLIST_FILE = ParstagramUITests/Info.plist;
				LD_RUNPATH_SEARCH_PATHS = (
					"$(inherited)",
					"@executable_path/Frameworks",
					"@loader_path/Frameworks",
				);
				PRODUCT_BUNDLE_IDENTIFIER = codepath.ParstagramUITests;
				PRODUCT_NAME = "$(TARGET_NAME)";
				SWIFT_VERSION = 5.0;
				TARGETED_DEVICE_FAMILY = "1,2";
				TEST_TARGET_NAME = Parstagram;
			};
			name = Debug;
		};
		9CBB7EF92648CA8700876074 /* Release */ = {
			isa = XCBuildConfiguration;
			baseConfigurationReference = 68C908660F1D4F7EDABC4436 /* Pods-Parstagram-ParstagramUITests.release.xcconfig */;
			buildSettings = {
				ALWAYS_EMBED_SWIFT_STANDARD_LIBRARIES = YES;
				CODE_SIGN_STYLE = Automatic;
				INFOPLIST_FILE = ParstagramUITests/Info.plist;
				LD_RUNPATH_SEARCH_PATHS = (
					"$(inherited)",
					"@executable_path/Frameworks",
					"@loader_path/Frameworks",
				);
				PRODUCT_BUNDLE_IDENTIFIER = codepath.ParstagramUITests;
				PRODUCT_NAME = "$(TARGET_NAME)";
				SWIFT_VERSION = 5.0;
				TARGETED_DEVICE_FAMILY = "1,2";
				TEST_TARGET_NAME = Parstagram;
			};
			name = Release;
		};
/* End XCBuildConfiguration section */

/* Begin XCConfigurationList section */
		9CBB7EC22648CA8200876074 /* Build configuration list for PBXProject "Parstagram" */ = {
			isa = XCConfigurationList;
			buildConfigurations = (
				9CBB7EEF2648CA8700876074 /* Debug */,
				9CBB7EF02648CA8700876074 /* Release */,
			);
			defaultConfigurationIsVisible = 0;
			defaultConfigurationName = Release;
		};
		9CBB7EF12648CA8700876074 /* Build configuration list for PBXNativeTarget "Parstagram" */ = {
			isa = XCConfigurationList;
			buildConfigurations = (
				9CBB7EF22648CA8700876074 /* Debug */,
				9CBB7EF32648CA8700876074 /* Release */,
			);
			defaultConfigurationIsVisible = 0;
			defaultConfigurationName = Release;
		};
		9CBB7EF42648CA8700876074 /* Build configuration list for PBXNativeTarget "ParstagramTests" */ = {
			isa = XCConfigurationList;
			buildConfigurations = (
				9CBB7EF52648CA8700876074 /* Debug */,
				9CBB7EF62648CA8700876074 /* Release */,
			);
			defaultConfigurationIsVisible = 0;
			defaultConfigurationName = Release;
		};
		9CBB7EF72648CA8700876074 /* Build configuration list for PBXNativeTarget "ParstagramUITests" */ = {
			isa = XCConfigurationList;
			buildConfigurations = (
				9CBB7EF82648CA8700876074 /* Debug */,
				9CBB7EF92648CA8700876074 /* Release */,
			);
			defaultConfigurationIsVisible = 0;
			defaultConfigurationName = Release;
		};
/* End XCConfigurationList section */
	};
	rootObject = 9CBB7EBF2648CA8200876074 /* Project object */;
}
